// !$*UTF8*$!
{
	archiveVersion = 1;
	classes = {
	};
	objectVersion = 50;
	objects = {

/* Begin PBXBuildFile section */
		5B55988C22EAF39700BEF55A /* AppDelegate.swift in Sources */ = {isa = PBXBuildFile; fileRef = 5B55988B22EAF39700BEF55A /* AppDelegate.swift */; };
		5B55988E22EAF39700BEF55A /* ViewController.swift in Sources */ = {isa = PBXBuildFile; fileRef = 5B55988D22EAF39700BEF55A /* ViewController.swift */; };
		5B55989122EAF39700BEF55A /* Main.storyboard in Resources */ = {isa = PBXBuildFile; fileRef = 5B55988F22EAF39700BEF55A /* Main.storyboard */; };
		5B55989622EAF39C00BEF55A /* LaunchScreen.storyboard in Resources */ = {isa = PBXBuildFile; fileRef = 5B55989422EAF39C00BEF55A /* LaunchScreen.storyboard */; };
		5B5598A122EB261500BEF55A /* Question.swift in Sources */ = {isa = PBXBuildFile; fileRef = 5B5598A022EB261500BEF55A /* Question.swift */; };
		5BD5C8A222F46D84002CF073 /* QuestionView.swift in Sources */ = {isa = PBXBuildFile; fileRef = 6D077ADC22F205FC00CBA740 /* QuestionView.swift */; };
		6D077ADB22F203E300CBA740 /* CloseQuestionViewController.swift in Sources */ = {isa = PBXBuildFile; fileRef = 6D077ADA22F203E300CBA740 /* CloseQuestionViewController.swift */; };
		6D077ADF22F20CBB00CBA740 /* closeQuiz.json in Resources */ = {isa = PBXBuildFile; fileRef = 6D077ADE22F20CBB00CBA740 /* closeQuiz.json */; };
		6D0BCC8022EE0C890019B4FF /* trivia.json in Resources */ = {isa = PBXBuildFile; fileRef = 6D0BCC7F22EE0C890019B4FF /* trivia.json */; };
		6D0BCC8322EE0E080019B4FF /* QuestionManager.swift in Sources */ = {isa = PBXBuildFile; fileRef = 6D0BCC8222EE0E080019B4FF /* QuestionManager.swift */; };
/* End PBXBuildFile section */

/* Begin PBXFileReference section */
		5B55988822EAF39700BEF55A /* FunTrivia.app */ = {isa = PBXFileReference; explicitFileType = wrapper.application; includeInIndex = 0; path = FunTrivia.app; sourceTree = BUILT_PRODUCTS_DIR; };
		5B55988B22EAF39700BEF55A /* AppDelegate.swift */ = {isa = PBXFileReference; lastKnownFileType = sourcecode.swift; path = AppDelegate.swift; sourceTree = "<group>"; };
		5B55988D22EAF39700BEF55A /* ViewController.swift */ = {isa = PBXFileReference; lastKnownFileType = sourcecode.swift; path = ViewController.swift; sourceTree = "<group>"; };
		5B55989022EAF39700BEF55A /* Base */ = {isa = PBXFileReference; lastKnownFileType = file.storyboard; name = Base; path = Base.lproj/Main.storyboard; sourceTree = "<group>"; };
		5B55989522EAF39C00BEF55A /* Base */ = {isa = PBXFileReference; lastKnownFileType = file.storyboard; name = Base; path = Base.lproj/LaunchScreen.storyboard; sourceTree = "<group>"; };
		5B55989722EAF39C00BEF55A /* Info.plist */ = {isa = PBXFileReference; lastKnownFileType = text.plist.xml; path = Info.plist; sourceTree = "<group>"; };
		5B5598A022EB261500BEF55A /* Question.swift */ = {isa = PBXFileReference; lastKnownFileType = sourcecode.swift; path = Question.swift; sourceTree = "<group>"; };
		6D077ADA22F203E300CBA740 /* CloseQuestionViewController.swift */ = {isa = PBXFileReference; lastKnownFileType = sourcecode.swift; path = CloseQuestionViewController.swift; sourceTree = "<group>"; };
		6D077ADC22F205FC00CBA740 /* QuestionView.swift */ = {isa = PBXFileReference; lastKnownFileType = sourcecode.swift; path = QuestionView.swift; sourceTree = "<group>"; };
		6D077ADE22F20CBB00CBA740 /* closeQuiz.json */ = {isa = PBXFileReference; fileEncoding = 4; lastKnownFileType = text.json; path = closeQuiz.json; sourceTree = "<group>"; };
		6D077AE022F20CE800CBA740 /* Game.swift */ = {isa = PBXFileReference; lastKnownFileType = sourcecode.swift; path = Game.swift; sourceTree = "<group>"; };
		6D0BCC7E22EDF0FF0019B4FF /* Assets.xcassets */ = {isa = PBXFileReference; lastKnownFileType = folder.assetcatalog; path = Assets.xcassets; sourceTree = "<group>"; };
		6D0BCC7F22EE0C890019B4FF /* trivia.json */ = {isa = PBXFileReference; fileEncoding = 4; lastKnownFileType = text.json; path = trivia.json; sourceTree = "<group>"; };
		6D0BCC8222EE0E080019B4FF /* QuestionManager.swift */ = {isa = PBXFileReference; lastKnownFileType = sourcecode.swift; path = QuestionManager.swift; sourceTree = "<group>"; };
/* End PBXFileReference section */

/* Begin PBXFrameworksBuildPhase section */
		5B55988522EAF39700BEF55A /* Frameworks */ = {
			isa = PBXFrameworksBuildPhase;
			buildActionMask = 2147483647;
			files = (
			);
			runOnlyForDeploymentPostprocessing = 0;
		};
/* End PBXFrameworksBuildPhase section */

/* Begin PBXGroup section */
		5B55987F22EAF39700BEF55A = {
			isa = PBXGroup;
			children = (
				5B55988A22EAF39700BEF55A /* FunTrivia */,
				5B55988922EAF39700BEF55A /* Products */,
			);
			sourceTree = "<group>";
		};
		5B55988922EAF39700BEF55A /* Products */ = {
			isa = PBXGroup;
			children = (
				5B55988822EAF39700BEF55A /* FunTrivia.app */,
			);
			name = Products;
			sourceTree = "<group>";
		};
		5B55988A22EAF39700BEF55A /* FunTrivia */ = {
			isa = PBXGroup;
			children = (
				6D0BCC7F22EE0C890019B4FF /* trivia.json */,
				6D077ADE22F20CBB00CBA740 /* closeQuiz.json */,
				6D0BCC8122EE0C9E0019B4FF /* Supporting File */,
				6D0BCC7D22EDF0EF0019B4FF /* View */,
				5B55989F22EB164200BEF55A /* Model */,
				5B55989E22EB163700BEF55A /* Controller */,
			);
			path = FunTrivia;
			sourceTree = "<group>";
		};
		5B55989E22EB163700BEF55A /* Controller */ = {
			isa = PBXGroup;
			children = (
				5B55988B22EAF39700BEF55A /* AppDelegate.swift */,
				5B55988D22EAF39700BEF55A /* ViewController.swift */,
				6D077ADA22F203E300CBA740 /* CloseQuestionViewController.swift */,
			);
			name = Controller;
			sourceTree = "<group>";
		};
		5B55989F22EB164200BEF55A /* Model */ = {
			isa = PBXGroup;
			children = (
				5B5598A022EB261500BEF55A /* Question.swift */,
				6D0BCC8222EE0E080019B4FF /* QuestionManager.swift */,
				6D077AE022F20CE800CBA740 /* Game.swift */,
			);
			name = Model;
			sourceTree = "<group>";
		};
		6D0BCC7D22EDF0EF0019B4FF /* View */ = {
			isa = PBXGroup;
			children = (
				5B55989422EAF39C00BEF55A /* LaunchScreen.storyboard */,
				5B55988F22EAF39700BEF55A /* Main.storyboard */,
				6D077ADC22F205FC00CBA740 /* QuestionView.swift */,
			);
			name = View;
			sourceTree = "<group>";
		};
		6D0BCC8122EE0C9E0019B4FF /* Supporting File */ = {
			isa = PBXGroup;
			children = (
				5B55989722EAF39C00BEF55A /* Info.plist */,
				6D0BCC7E22EDF0FF0019B4FF /* Assets.xcassets */,
			);
			name = "Supporting File";
			sourceTree = "<group>";
		};
/* End PBXGroup section */

/* Begin PBXNativeTarget section */
		5B55988722EAF39700BEF55A /* FunTrivia */ = {
			isa = PBXNativeTarget;
			buildConfigurationList = 5B55989A22EAF39C00BEF55A /* Build configuration list for PBXNativeTarget "FunTrivia" */;
			buildPhases = (
				5B55988422EAF39700BEF55A /* Sources */,
				5B55988522EAF39700BEF55A /* Frameworks */,
				5B55988622EAF39700BEF55A /* Resources */,
			);
			buildRules = (
			);
			dependencies = (
			);
			name = FunTrivia;
			productName = FunTrivia;
			productReference = 5B55988822EAF39700BEF55A /* FunTrivia.app */;
			productType = "com.apple.product-type.application";
		};
/* End PBXNativeTarget section */

/* Begin PBXProject section */
		5B55988022EAF39700BEF55A /* Project object */ = {
			isa = PBXProject;
			attributes = {
				LastSwiftUpdateCheck = 1020;
				LastUpgradeCheck = 1020;
				ORGANIZATIONNAME = "kevin vidal";
				TargetAttributes = {
					5B55988722EAF39700BEF55A = {
						CreatedOnToolsVersion = 10.2.1;
					};
				};
			};
			buildConfigurationList = 5B55988322EAF39700BEF55A /* Build configuration list for PBXProject "FunTrivia" */;
			compatibilityVersion = "Xcode 9.3";
			developmentRegion = en;
			hasScannedForEncodings = 0;
			knownRegions = (
				en,
				Base,
			);
			mainGroup = 5B55987F22EAF39700BEF55A;
			productRefGroup = 5B55988922EAF39700BEF55A /* Products */;
			projectDirPath = "";
			projectRoot = "";
			targets = (
				5B55988722EAF39700BEF55A /* FunTrivia */,
			);
		};
/* End PBXProject section */

/* Begin PBXResourcesBuildPhase section */
		5B55988622EAF39700BEF55A /* Resources */ = {
			isa = PBXResourcesBuildPhase;
			buildActionMask = 2147483647;
			files = (
				5B55989622EAF39C00BEF55A /* LaunchScreen.storyboard in Resources */,
				6D077ADF22F20CBB00CBA740 /* closeQuiz.json in Resources */,
				5B55989122EAF39700BEF55A /* Main.storyboard in Resources */,
				6D0BCC8022EE0C890019B4FF /* trivia.json in Resources */,
			);
			runOnlyForDeploymentPostprocessing = 0;
		};
/* End PBXResourcesBuildPhase section */

/* Begin PBXSourcesBuildPhase section */
		5B55988422EAF39700BEF55A /* Sources */ = {
			isa = PBXSourcesBuildPhase;
			buildActionMask = 2147483647;
			files = (
				5B5598A122EB261500BEF55A /* Question.swift in Sources */,
				5B55988E22EAF39700BEF55A /* ViewController.swift in Sources */,
				5BD5C8A222F46D84002CF073 /* QuestionView.swift in Sources */,
				6D0BCC8322EE0E080019B4FF /* QuestionManager.swift in Sources */,
				5B55988C22EAF39700BEF55A /* AppDelegate.swift in Sources */,
				6D077ADB22F203E300CBA740 /* CloseQuestionViewController.swift in Sources */,
			);
			runOnlyForDeploymentPostprocessing = 0;
		};
/* End PBXSourcesBuildPhase section */

/* Begin PBXVariantGroup section */
		5B55988F22EAF39700BEF55A /* Main.storyboard */ = {
			isa = PBXVariantGroup;
			children = (
				5B55989022EAF39700BEF55A /* Base */,
			);
			name = Main.storyboard;
			sourceTree = "<group>";
		};
		5B55989422EAF39C00BEF55A /* LaunchScreen.storyboard */ = {
			isa = PBXVariantGroup;
			children = (
				5B55989522EAF39C00BEF55A /* Base */,
			);
			name = LaunchScreen.storyboard;
			sourceTree = "<group>";
		};
/* End PBXVariantGroup section */

/* Begin XCBuildConfiguration section */
		5B55989822EAF39C00BEF55A /* Debug */ = {
			isa = XCBuildConfiguration;
			buildSettings = {
				ALWAYS_SEARCH_USER_PATHS = NO;
				CLANG_ANALYZER_NONNULL = YES;
				CLANG_ANALYZER_NUMBER_OBJECT_CONVERSION = YES_AGGRESSIVE;
				CLANG_CXX_LANGUAGE_STANDARD = "gnu++14";
				CLANG_CXX_LIBRARY = "libc++";
				CLANG_ENABLE_MODULES = YES;
				CLANG_ENABLE_OBJC_ARC = YES;
				CLANG_ENABLE_OBJC_WEAK = YES;
				CLANG_WARN_BLOCK_CAPTURE_AUTORELEASING = YES;
				CLANG_WARN_BOOL_CONVERSION = YES;
				CLANG_WARN_COMMA = YES;
				CLANG_WARN_CONSTANT_CONVERSION = YES;
				CLANG_WARN_DEPRECATED_OBJC_IMPLEMENTATIONS = YES;
				CLANG_WARN_DIRECT_OBJC_ISA_USAGE = YES_ERROR;
				CLANG_WARN_DOCUMENTATION_COMMENTS = YES;
				CLANG_WARN_EMPTY_BODY = YES;
				CLANG_WARN_ENUM_CONVERSION = YES;
				CLANG_WARN_INFINITE_RECURSION = YES;
				CLANG_WARN_INT_CONVERSION = YES;
				CLANG_WARN_NON_LITERAL_NULL_CONVERSION = YES;
				CLANG_WARN_OBJC_IMPLICIT_RETAIN_SELF = YES;
				CLANG_WARN_OBJC_LITERAL_CONVERSION = YES;
				CLANG_WARN_OBJC_ROOT_CLASS = YES_ERROR;
				CLANG_WARN_RANGE_LOOP_ANALYSIS = YES;
				CLANG_WARN_STRICT_PROTOTYPES = YES;
				CLANG_WARN_SUSPICIOUS_MOVE = YES;
				CLANG_WARN_UNGUARDED_AVAILABILITY = YES_AGGRESSIVE;
				CLANG_WARN_UNREACHABLE_CODE = YES;
				CLANG_WARN__DUPLICATE_METHOD_MATCH = YES;
				CODE_SIGN_IDENTITY = "iPhone Developer";
				COPY_PHASE_STRIP = NO;
				DEBUG_INFORMATION_FORMAT = dwarf;
				ENABLE_STRICT_OBJC_MSGSEND = YES;
				ENABLE_TESTABILITY = YES;
				GCC_C_LANGUAGE_STANDARD = gnu11;
				GCC_DYNAMIC_NO_PIC = NO;
				GCC_NO_COMMON_BLOCKS = YES;
				GCC_OPTIMIZATION_LEVEL = 0;
				GCC_PREPROCESSOR_DEFINITIONS = (
					"DEBUG=1",
					"$(inherited)",
				);
				GCC_WARN_64_TO_32_BIT_CONVERSION = YES;
				GCC_WARN_ABOUT_RETURN_TYPE = YES_ERROR;
				GCC_WARN_UNDECLARED_SELECTOR = YES;
				GCC_WARN_UNINITIALIZED_AUTOS = YES_AGGRESSIVE;
				GCC_WARN_UNUSED_FUNCTION = YES;
				GCC_WARN_UNUSED_VARIABLE = YES;
				IPHONEOS_DEPLOYMENT_TARGET = 12.2;
				MTL_ENABLE_DEBUG_INFO = INCLUDE_SOURCE;
				MTL_FAST_MATH = YES;
				ONLY_ACTIVE_ARCH = YES;
				SDKROOT = iphoneos;
				SWIFT_ACTIVE_COMPILATION_CONDITIONS = DEBUG;
				SWIFT_OPTIMIZATION_LEVEL = "-Onone";
			};
			name = Debug;
		};
		5B55989922EAF39C00BEF55A /* Release */ = {
			isa = XCBuildConfiguration;
			buildSettings = {
				ALWAYS_SEARCH_USER_PATHS = NO;
				CLANG_ANALYZER_NONNULL = YES;
				CLANG_ANALYZER_NUMBER_OBJECT_CONVERSION = YES_AGGRESSIVE;
				CLANG_CXX_LANGUAGE_STANDARD = "gnu++14";
				CLANG_CXX_LIBRARY = "libc++";
				CLANG_ENABLE_MODULES = YES;
				CLANG_ENABLE_OBJC_ARC = YES;
				CLANG_ENABLE_OBJC_WEAK = YES;
				CLANG_WARN_BLOCK_CAPTURE_AUTORELEASING = YES;
				CLANG_WARN_BOOL_CONVERSION = YES;
				CLANG_WARN_COMMA = YES;
				CLANG_WARN_CONSTANT_CONVERSION = YES;
				CLANG_WARN_DEPRECATED_OBJC_IMPLEMENTATIONS = YES;
				CLANG_WARN_DIRECT_OBJC_ISA_USAGE = YES_ERROR;
				CLANG_WARN_DOCUMENTATION_COMMENTS = YES;
				CLANG_WARN_EMPTY_BODY = YES;
				CLANG_WARN_ENUM_CONVERSION = YES;
				CLANG_WARN_INFINITE_RECURSION = YES;
				CLANG_WARN_INT_CONVERSION = YES;
				CLANG_WARN_NON_LITERAL_NULL_CONVERSION = YES;
				CLANG_WARN_OBJC_IMPLICIT_RETAIN_SELF = YES;
				CLANG_WARN_OBJC_LITERAL_CONVERSION = YES;
				CLANG_WARN_OBJC_ROOT_CLASS = YES_ERROR;
				CLANG_WARN_RANGE_LOOP_ANALYSIS = YES;
				CLANG_WARN_STRICT_PROTOTYPES = YES;
				CLANG_WARN_SUSPICIOUS_MOVE = YES;
				CLANG_WARN_UNGUARDED_AVAILABILITY = YES_AGGRESSIVE;
				CLANG_WARN_UNREACHABLE_CODE = YES;
				CLANG_WARN__DUPLICATE_METHOD_MATCH = YES;
				CODE_SIGN_IDENTITY = "iPhone Developer";
				COPY_PHASE_STRIP = NO;
				DEBUG_INFORMATION_FORMAT = "dwarf-with-dsym";
				ENABLE_NS_ASSERTIONS = NO;
				ENABLE_STRICT_OBJC_MSGSEND = YES;
				GCC_C_LANGUAGE_STANDARD = gnu11;
				GCC_NO_COMMON_BLOCKS = YES;
				GCC_WARN_64_TO_32_BIT_CONVERSION = YES;
				GCC_WARN_ABOUT_RETURN_TYPE = YES_ERROR;
				GCC_WARN_UNDECLARED_SELECTOR = YES;
				GCC_WARN_UNINITIALIZED_AUTOS = YES_AGGRESSIVE;
				GCC_WARN_UNUSED_FUNCTION = YES;
				GCC_WARN_UNUSED_VARIABLE = YES;
				IPHONEOS_DEPLOYMENT_TARGET = 12.2;
				MTL_ENABLE_DEBUG_INFO = NO;
				MTL_FAST_MATH = YES;
				SDKROOT = iphoneos;
				SWIFT_COMPILATION_MODE = wholemodule;
				SWIFT_OPTIMIZATION_LEVEL = "-O";
				VALIDATE_PRODUCT = YES;
			};
			name = Release;
		};
		5B55989B22EAF39C00BEF55A /* Debug */ = {
			isa = XCBuildConfiguration;
			buildSettings = {
				ASSETCATALOG_COMPILER_APPICON_NAME = AppIcon;
				CODE_SIGN_IDENTITY = "iPhone Developer";
				CODE_SIGN_STYLE = Automatic;
				DEVELOPMENT_TEAM = "";
				INFOPLIST_FILE = FunTrivia/Info.plist;
				LD_RUNPATH_SEARCH_PATHS = (
					"$(inherited)",
					"@executable_path/Frameworks",
				);
				PRODUCT_BUNDLE_IDENTIFIER = com.kevin.FunTrivia;
				PRODUCT_NAME = "$(TARGET_NAME)";
				PROVISIONING_PROFILE_SPECIFIER = "";
				SWIFT_VERSION = 5.0;
				TARGETED_DEVICE_FAMILY = "1,2";
			};
			name = Debug;
		};
		5B55989C22EAF39C00BEF55A /* Release */ = {
			isa = XCBuildConfiguration;
			buildSettings = {
				ASSETCATALOG_COMPILER_APPICON_NAME = AppIcon;
				CODE_SIGN_IDENTITY = "iPhone Developer";
				CODE_SIGN_STYLE = Automatic;
				DEVELOPMENT_TEAM = "";
				INFOPLIST_FILE = FunTrivia/Info.plist;
				LD_RUNPATH_SEARCH_PATHS = (
					"$(inherited)",
					"@executable_path/Frameworks",
				);
				PRODUCT_BUNDLE_IDENTIFIER = com.kevin.FunTrivia;
				PRODUCT_NAME = "$(TARGET_NAME)";
				PROVISIONING_PROFILE_SPECIFIER = "";
				SWIFT_VERSION = 5.0;
				TARGETED_DEVICE_FAMILY = "1,2";
			};
			name = Release;
		};
/* End XCBuildConfiguration section */

/* Begin XCConfigurationList section */
		5B55988322EAF39700BEF55A /* Build configuration list for PBXProject "FunTrivia" */ = {
			isa = XCConfigurationList;
			buildConfigurations = (
				5B55989822EAF39C00BEF55A /* Debug */,
				5B55989922EAF39C00BEF55A /* Release */,
			);
			defaultConfigurationIsVisible = 0;
			defaultConfigurationName = Release;
		};
		5B55989A22EAF39C00BEF55A /* Build configuration list for PBXNativeTarget "FunTrivia" */ = {
			isa = XCConfigurationList;
			buildConfigurations = (
				5B55989B22EAF39C00BEF55A /* Debug */,
				5B55989C22EAF39C00BEF55A /* Release */,
			);
			defaultConfigurationIsVisible = 0;
			defaultConfigurationName = Release;
		};
/* End XCConfigurationList section */
	};
	rootObject = 5B55988022EAF39700BEF55A /* Project object */;
}
